
Microsoft Visual Studio Solution File, Format Version 12.00
# Visual Studio 15
VisualStudioVersion = 15.0.26430.15
MinimumVisualStudioVersion = 10.0.40219.1
Project("{00D1A9C2-B5F0-4AF3-8072-F6C62B433612}") = "DbProject1", "DbProject1\DbProject1.sqlproj", "{3FF6A974-D615-4CDE-8D4A-8D3CA86CB9AF}"
EndProject
Project("{FAE04EC0-301F-11D3-BF4B-00C04F79EFBC}") = "ConsoleEntityFramework", "ConsoleEntityFramework\ConsoleEntityFramework.csproj", "{98BB13B6-0826-4D3A-8FB3-000AD01004E1}"
EndProject
Global
	GlobalSection(SolutionConfigurationPlatforms) = preSolution
		Debug|Any CPU = Debug|Any CPU
		Release|Any CPU = Release|Any CPU
	EndGlobalSection
	GlobalSection(ProjectConfigurationPlatforms) = postSolution
		{3FF6A974-D615-4CDE-8D4A-8D3CA86CB9AF}.Debug|Any CPU.ActiveCfg = Debug|Any CPU
		{3FF6A974-D615-4CDE-8D4A-8D3CA86CB9AF}.Debug|Any CPU.Build.0 = Debug|Any CPU
		{3FF6A974-D615-4CDE-8D4A-8D3CA86CB9AF}.Debug|Any CPU.Deploy.0 = Debug|Any CPU
		{3FF6A974-D615-4CDE-8D4A-8D3CA86CB9AF}.Release|Any CPU.ActiveCfg = Release|Any CPU
		{3FF6A974-D615-4CDE-8D4A-8D3CA86CB9AF}.Release|Any CPU.Build.0 = Release|Any CPU
		{3FF6A974-D615-4CDE-8D4A-8D3CA86CB9AF}.Release|Any CPU.Deploy.0 = Release|Any CPU
		{98BB13B6-0826-4D3A-8FB3-000AD01004E1}.Debug|Any CPU.ActiveCfg = Debug|Any CPU
		{98BB13B6-0826-4D3A-8FB3-000AD01004E1}.Debug|Any CPU.Build.0 = Debug|Any CPU
		{98BB13B6-0826-4D3A-8FB3-000AD01004E1}.Release|Any CPU.ActiveCfg = Release|Any CPU
		{98BB13B6-0826-4D3A-8FB3-000AD01004E1}.Release|Any CPU.Build.0 = Release|Any CPU
	EndGlobalSection
	GlobalSection(SolutionProperties) = preSolution
		HideSolutionNode = FALSE
	EndGlobalSection
EndGlobal
